
Microsoft Visual Studio Solution File, Format Version 12.00
# Visual Studio Version 17
VisualStudioVersion = 17.11.35312.102
MinimumVisualStudioVersion = 10.0.40219.1
Project("{FAE04EC0-301F-11D3-BF4B-00C04F79EFBC}") = "gui2", "gui2.csproj", "{0D659ABB-9ECB-4FAE-840E-163B51EBC9FB}"
EndProject
Global
	GlobalSection(SolutionConfigurationPlatforms) = preSolution
		Debug|Any CPU = Debug|Any CPU
		Release|Any CPU = Release|Any CPU
	EndGlobalSection
	GlobalSection(ProjectConfigurationPlatforms) = postSolution
		{0D659ABB-9ECB-4FAE-840E-163B51EBC9FB}.Debug|Any CPU.ActiveCfg = Debug|Any CPU
		{0D659ABB-9ECB-4FAE-840E-163B51EBC9FB}.Debug|Any CPU.Build.0 = Debug|Any CPU
		{0D659ABB-9ECB-4FAE-840E-163B51EBC9FB}.Release|Any CPU.ActiveCfg = Release|Any CPU
		{0D659ABB-9ECB-4FAE-840E-163B51EBC9FB}.Release|Any CPU.Build.0 = Release|Any CPU
	EndGlobalSection
	GlobalSection(SolutionProperties) = preSolution
		HideSolutionNode = FALSE
	EndGlobalSection
	GlobalSection(ExtensibilityGlobals) = postSolution
		SolutionGuid = {F228D866-D0E0-428B-9310-9A89170E9D49}
	EndGlobalSection
EndGlobal
